// !$*UTF8*$!
{
	archiveVersion = 1;
	classes = {
	};
	objectVersion = 46;
	objects = {

/* Begin PBXBuildFile section */
		3F00D48A1D6C97BB00974E6C /* SecondViewController.xib in Resources */ = {isa = PBXBuildFile; fileRef = 3F00D4891D6C97BB00974E6C /* SecondViewController.xib */; };
		3F00D48D1D6CA08500974E6C /* MagicMoveTransion.m in Sources */ = {isa = PBXBuildFile; fileRef = 3F00D48C1D6CA08500974E6C /* MagicMoveTransion.m */; };
		3F00D4901D6CB46600974E6C /* MagicMoveBackTransion.m in Sources */ = {isa = PBXBuildFile; fileRef = 3F00D48F1D6CB46600974E6C /* MagicMoveBackTransion.m */; };
		3F0E43E71D6B425600B208BB /* main.m in Sources */ = {isa = PBXBuildFile; fileRef = 3F0E43E61D6B425600B208BB /* main.m */; };
		3F0E43EA1D6B425600B208BB /* AppDelegate.m in Sources */ = {isa = PBXBuildFile; fileRef = 3F0E43E91D6B425600B208BB /* AppDelegate.m */; };
		3F0E43ED1D6B425600B208BB /* FirstViewController.m in Sources */ = {isa = PBXBuildFile; fileRef = 3F0E43EC1D6B425600B208BB /* FirstViewController.m */; };
		3F0E43F01D6B425600B208BB /* Main.storyboard in Resources */ = {isa = PBXBuildFile; fileRef = 3F0E43EE1D6B425600B208BB /* Main.storyboard */; };
		3F0E43F21D6B425600B208BB /* Assets.xcassets in Resources */ = {isa = PBXBuildFile; fileRef = 3F0E43F11D6B425600B208BB /* Assets.xcassets */; };
		3F0E43F51D6B425600B208BB /* LaunchScreen.storyboard in Resources */ = {isa = PBXBuildFile; fileRef = 3F0E43F31D6B425600B208BB /* LaunchScreen.storyboard */; };
		3F0E43FF1D6B449F00B208BB /* CustomCell.m in Sources */ = {isa = PBXBuildFile; fileRef = 3F0E43FD1D6B449F00B208BB /* CustomCell.m */; };
		3F0E44001D6B449F00B208BB /* CustomCell.xib in Resources */ = {isa = PBXBuildFile; fileRef = 3F0E43FE1D6B449F00B208BB /* CustomCell.xib */; };
		3F0E44031D6B5ED900B208BB /* SecondViewController.m in Sources */ = {isa = PBXBuildFile; fileRef = 3F0E44021D6B5ED900B208BB /* SecondViewController.m */; };
/* End PBXBuildFile section */

/* Begin PBXFileReference section */
		3F00D4891D6C97BB00974E6C /* SecondViewController.xib */ = {isa = PBXFileReference; fileEncoding = 4; lastKnownFileType = file.xib; path = SecondViewController.xib; sourceTree = "<group>"; };
		3F00D48B1D6CA08500974E6C /* MagicMoveTransion.h */ = {isa = PBXFileReference; fileEncoding = 4; lastKnownFileType = sourcecode.c.h; path = MagicMoveTransion.h; sourceTree = "<group>"; };
		3F00D48C1D6CA08500974E6C /* MagicMoveTransion.m */ = {isa = PBXFileReference; fileEncoding = 4; lastKnownFileType = sourcecode.c.objc; path = MagicMoveTransion.m; sourceTree = "<group>"; };
		3F00D48E1D6CB46600974E6C /* MagicMoveBackTransion.h */ = {isa = PBXFileReference; fileEncoding = 4; lastKnownFileType = sourcecode.c.h; path = MagicMoveBackTransion.h; sourceTree = "<group>"; };
		3F00D48F1D6CB46600974E6C /* MagicMoveBackTransion.m */ = {isa = PBXFileReference; fileEncoding = 4; lastKnownFileType = sourcecode.c.objc; path = MagicMoveBackTransion.m; sourceTree = "<group>"; };
		3F0E43E21D6B425600B208BB /* PushTransFormDemo.app */ = {isa = PBXFileReference; explicitFileType = wrapper.application; includeInIndex = 0; path = PushTransFormDemo.app; sourceTree = BUILT_PRODUCTS_DIR; };
		3F0E43E61D6B425600B208BB /* main.m */ = {isa = PBXFileReference; lastKnownFileType = sourcecode.c.objc; path = main.m; sourceTree = "<group>"; };
		3F0E43E81D6B425600B208BB /* AppDelegate.h */ = {isa = PBXFileReference; lastKnownFileType = sourcecode.c.h; path = AppDelegate.h; sourceTree = "<group>"; };
		3F0E43E91D6B425600B208BB /* AppDelegate.m */ = {isa = PBXFileReference; lastKnownFileType = sourcecode.c.objc; path = AppDelegate.m; sourceTree = "<group>"; };
		3F0E43EB1D6B425600B208BB /* FirstViewController.h */ = {isa = PBXFileReference; lastKnownFileType = sourcecode.c.h; path = FirstViewController.h; sourceTree = "<group>"; };
		3F0E43EC1D6B425600B208BB /* FirstViewController.m */ = {isa = PBXFileReference; lastKnownFileType = sourcecode.c.objc; path = FirstViewController.m; sourceTree = "<group>"; };
		3F0E43EF1D6B425600B208BB /* Base */ = {isa = PBXFileReference; lastKnownFileType = file.storyboard; name = Base; path = Base.lproj/Main.storyboard; sourceTree = "<group>"; };
		3F0E43F11D6B425600B208BB /* Assets.xcassets */ = {isa = PBXFileReference; lastKnownFileType = folder.assetcatalog; path = Assets.xcassets; sourceTree = "<group>"; };
		3F0E43F41D6B425600B208BB /* Base */ = {isa = PBXFileReference; lastKnownFileType = file.storyboard; name = Base; path = Base.lproj/LaunchScreen.storyboard; sourceTree = "<group>"; };
		3F0E43F61D6B425600B208BB /* Info.plist */ = {isa = PBXFileReference; lastKnownFileType = text.plist.xml; path = Info.plist; sourceTree = "<group>"; };
		3F0E43FC1D6B449F00B208BB /* CustomCell.h */ = {isa = PBXFileReference; fileEncoding = 4; lastKnownFileType = sourcecode.c.h; path = CustomCell.h; sourceTree = "<group>"; };
		3F0E43FD1D6B449F00B208BB /* CustomCell.m */ = {isa = PBXFileReference; fileEncoding = 4; lastKnownFileType = sourcecode.c.objc; path = CustomCell.m; sourceTree = "<group>"; };
		3F0E43FE1D6B449F00B208BB /* CustomCell.xib */ = {isa = PBXFileReference; fileEncoding = 4; lastKnownFileType = file.xib; path = CustomCell.xib; sourceTree = "<group>"; };
		3F0E44011D6B5ED900B208BB /* SecondViewController.h */ = {isa = PBXFileReference; fileEncoding = 4; lastKnownFileType = sourcecode.c.h; path = SecondViewController.h; sourceTree = "<group>"; };
		3F0E44021D6B5ED900B208BB /* SecondViewController.m */ = {isa = PBXFileReference; fileEncoding = 4; lastKnownFileType = sourcecode.c.objc; path = SecondViewController.m; sourceTree = "<group>"; };
/* End PBXFileReference section */

/* Begin PBXFrameworksBuildPhase section */
		3F0E43DF1D6B425600B208BB /* Frameworks */ = {
			isa = PBXFrameworksBuildPhase;
			buildActionMask = 2147483647;
			files = (
			);
			runOnlyForDeploymentPostprocessing = 0;
		};
/* End PBXFrameworksBuildPhase section */

/* Begin PBXGroup section */
		3F0E43D91D6B425600B208BB = {
			isa = PBXGroup;
			children = (
				3F0E43E41D6B425600B208BB /* PushTransFormDemo */,
				3F0E43E31D6B425600B208BB /* Products */,
			);
			sourceTree = "<group>";
		};
		3F0E43E31D6B425600B208BB /* Products */ = {
			isa = PBXGroup;
			children = (
				3F0E43E21D6B425600B208BB /* PushTransFormDemo.app */,
			);
			name = Products;
			sourceTree = "<group>";
		};
		3F0E43E41D6B425600B208BB /* PushTransFormDemo */ = {
			isa = PBXGroup;
			children = (
				3F0E43E81D6B425600B208BB /* AppDelegate.h */,
				3F0E43E91D6B425600B208BB /* AppDelegate.m */,
				C48349D71F54722900D02312 /* First_VC */,
				C48349D81F54724C00D02312 /* Second_VC */,
				3F0E43F11D6B425600B208BB /* Assets.xcassets */,
				3F0E43EE1D6B425600B208BB /* Main.storyboard */,
				3F0E43F31D6B425600B208BB /* LaunchScreen.storyboard */,
				3F0E43F61D6B425600B208BB /* Info.plist */,
				3F0E43E51D6B425600B208BB /* Supporting Files */,
			);
			path = PushTransFormDemo;
			sourceTree = "<group>";
		};
		3F0E43E51D6B425600B208BB /* Supporting Files */ = {
			isa = PBXGroup;
			children = (
				3F0E43E61D6B425600B208BB /* main.m */,
			);
			name = "Supporting Files";
			sourceTree = "<group>";
		};
		C48349D71F54722900D02312 /* First_VC */ = {
			isa = PBXGroup;
			children = (
				3F0E43EB1D6B425600B208BB /* FirstViewController.h */,
				3F0E43EC1D6B425600B208BB /* FirstViewController.m */,
				3F0E43FC1D6B449F00B208BB /* CustomCell.h */,
				3F0E43FD1D6B449F00B208BB /* CustomCell.m */,
				3F0E43FE1D6B449F00B208BB /* CustomCell.xib */,
				3F00D48B1D6CA08500974E6C /* MagicMoveTransion.h */,
				3F00D48C1D6CA08500974E6C /* MagicMoveTransion.m */,
			);
			name = First_VC;
			sourceTree = "<group>";
		};
		C48349D81F54724C00D02312 /* Second_VC */ = {
			isa = PBXGroup;
			children = (
				3F0E44011D6B5ED900B208BB /* SecondViewController.h */,
				3F0E44021D6B5ED900B208BB /* SecondViewController.m */,
				3F00D4891D6C97BB00974E6C /* SecondViewController.xib */,
				3F00D48E1D6CB46600974E6C /* MagicMoveBackTransion.h */,
				3F00D48F1D6CB46600974E6C /* MagicMoveBackTransion.m */,
			);
			name = Second_VC;
			sourceTree = "<group>";
		};
/* End PBXGroup section */

/* Begin PBXNativeTarget section */
		3F0E43E11D6B425600B208BB /* PushTransFormDemo */ = {
			isa = PBXNativeTarget;
			buildConfigurationList = 3F0E43F91D6B425600B208BB /* Build configuration list for PBXNativeTarget "PushTransFormDemo" */;
			buildPhases = (
				3F0E43DE1D6B425600B208BB /* Sources */,
				3F0E43DF1D6B425600B208BB /* Frameworks */,
				3F0E43E01D6B425600B208BB /* Resources */,
			);
			buildRules = (
			);
			dependencies = (
			);
			name = PushTransFormDemo;
			productName = PushTransFormDemo;
			productReference = 3F0E43E21D6B425600B208BB /* PushTransFormDemo.app */;
			productType = "com.apple.product-type.application";
		};
/* End PBXNativeTarget section */

/* Begin PBXProject section */
		3F0E43DA1D6B425600B208BB /* Project object */ = {
			isa = PBXProject;
			attributes = {
				LastUpgradeCheck = 0720;
				ORGANIZATIONNAME = Jane;
				TargetAttributes = {
					3F0E43E11D6B425600B208BB = {
						CreatedOnToolsVersion = 7.2;
						DevelopmentTeam = 229XF58NF5;
					};
				};
			};
			buildConfigurationList = 3F0E43DD1D6B425600B208BB /* Build configuration list for PBXProject "PushTransFormDemo" */;
			compatibilityVersion = "Xcode 3.2";
			developmentRegion = English;
			hasScannedForEncodings = 0;
			knownRegions = (
				en,
				Base,
			);
			mainGroup = 3F0E43D91D6B425600B208BB;
			productRefGroup = 3F0E43E31D6B425600B208BB /* Products */;
			projectDirPath = "";
			projectRoot = "";
			targets = (
				3F0E43E11D6B425600B208BB /* PushTransFormDemo */,
			);
		};
/* End PBXProject section */

/* Begin PBXResourcesBuildPhase section */
		3F0E43E01D6B425600B208BB /* Resources */ = {
			isa = PBXResourcesBuildPhase;
			buildActionMask = 2147483647;
			files = (
				3F0E43F51D6B425600B208BB /* LaunchScreen.storyboard in Resources */,
				3F0E43F21D6B425600B208BB /* Assets.xcassets in Resources */,
				3F0E44001D6B449F00B208BB /* CustomCell.xib in Resources */,
				3F0E43F01D6B425600B208BB /* Main.storyboard in Resources */,
				3F00D48A1D6C97BB00974E6C /* SecondViewController.xib in Resources */,
			);
			runOnlyForDeploymentPostprocessing = 0;
		};
/* End PBXResourcesBuildPhase section */

/* Begin PBXSourcesBuildPhase section */
		3F0E43DE1D6B425600B208BB /* Sources */ = {
			isa = PBXSourcesBuildPhase;
			buildActionMask = 2147483647;
			files = (
				3F0E44031D6B5ED900B208BB /* SecondViewController.m in Sources */,
				3F0E43ED1D6B425600B208BB /* FirstViewController.m in Sources */,
				3F00D48D1D6CA08500974E6C /* MagicMoveTransion.m in Sources */,
				3F00D4901D6CB46600974E6C /* MagicMoveBackTransion.m in Sources */,
				3F0E43EA1D6B425600B208BB /* AppDelegate.m in Sources */,
				3F0E43FF1D6B449F00B208BB /* CustomCell.m in Sources */,
				3F0E43E71D6B425600B208BB /* main.m in Sources */,
			);
			runOnlyForDeploymentPostprocessing = 0;
		};
/* End PBXSourcesBuildPhase section */

/* Begin PBXVariantGroup section */
		3F0E43EE1D6B425600B208BB /* Main.storyboard */ = {
			isa = PBXVariantGroup;
			children = (
				3F0E43EF1D6B425600B208BB /* Base */,
			);
			name = Main.storyboard;
			sourceTree = "<group>";
		};
		3F0E43F31D6B425600B208BB /* LaunchScreen.storyboard */ = {
			isa = PBXVariantGroup;
			children = (
				3F0E43F41D6B425600B208BB /* Base */,
			);
			name = LaunchScreen.storyboard;
			sourceTree = "<group>";
		};
/* End PBXVariantGroup section */

/* Begin XCBuildConfiguration section */
		3F0E43F71D6B425600B208BB /* Debug */ = {
			isa = XCBuildConfiguration;
			buildSettings = {
				ALWAYS_SEARCH_USER_PATHS = NO;
				CLANG_CXX_LANGUAGE_STANDARD = "gnu++0x";
				CLANG_CXX_LIBRARY = "libc++";
				CLANG_ENABLE_MODULES = YES;
				CLANG_ENABLE_OBJC_ARC = YES;
				CLANG_WARN_BOOL_CONVERSION = YES;
				CLANG_WARN_CONSTANT_CONVERSION = YES;
				CLANG_WARN_DIRECT_OBJC_ISA_USAGE = YES_ERROR;
				CLANG_WARN_EMPTY_BODY = YES;
				CLANG_WARN_ENUM_CONVERSION = YES;
				CLANG_WARN_INT_CONVERSION = YES;
				CLANG_WARN_OBJC_ROOT_CLASS = YES_ERROR;
				CLANG_WARN_UNREACHABLE_CODE = YES;
				CLANG_WARN__DUPLICATE_METHOD_MATCH = YES;
				"CODE_SIGN_IDENTITY[sdk=iphoneos*]" = "iPhone Developer";
				COPY_PHASE_STRIP = NO;
				DEBUG_INFORMATION_FORMAT = dwarf;
				ENABLE_STRICT_OBJC_MSGSEND = YES;
				ENABLE_TESTABILITY = YES;
				GCC_C_LANGUAGE_STANDARD = gnu99;
				GCC_DYNAMIC_NO_PIC = NO;
				GCC_NO_COMMON_BLOCKS = YES;
				GCC_OPTIMIZATION_LEVEL = 0;
				GCC_PREPROCESSOR_DEFINITIONS = (
					"DEBUG=1",
					"$(inherited)",
				);
				GCC_WARN_64_TO_32_BIT_CONVERSION = YES;
				GCC_WARN_ABOUT_RETURN_TYPE = YES_ERROR;
				GCC_WARN_UNDECLARED_SELECTOR = YES;
				GCC_WARN_UNINITIALIZED_AUTOS = YES_AGGRESSIVE;
				GCC_WARN_UNUSED_FUNCTION = YES;
				GCC_WARN_UNUSED_VARIABLE = YES;
				IPHONEOS_DEPLOYMENT_TARGET = 9.2;
				MTL_ENABLE_DEBUG_INFO = YES;
				ONLY_ACTIVE_ARCH = YES;
				SDKROOT = iphoneos;
			};
			name = Debug;
		};
		3F0E43F81D6B425600B208BB /* Release */ = {
			isa = XCBuildConfiguration;
			buildSettings = {
				ALWAYS_SEARCH_USER_PATHS = NO;
				CLANG_CXX_LANGUAGE_STANDARD = "gnu++0x";
				CLANG_CXX_LIBRARY = "libc++";
				CLANG_ENABLE_MODULES = YES;
				CLANG_ENABLE_OBJC_ARC = YES;
				CLANG_WARN_BOOL_CONVERSION = YES;
				CLANG_WARN_CONSTANT_CONVERSION = YES;
				CLANG_WARN_DIRECT_OBJC_ISA_USAGE = YES_ERROR;
				CLANG_WARN_EMPTY_BODY = YES;
				CLANG_WARN_ENUM_CONVERSION = YES;
				CLANG_WARN_INT_CONVERSION = YES;
				CLANG_WARN_OBJC_ROOT_CLASS = YES_ERROR;
				CLANG_WARN_UNREACHABLE_CODE = YES;
				CLANG_WARN__DUPLICATE_METHOD_MATCH = YES;
				"CODE_SIGN_IDENTITY[sdk=iphoneos*]" = "iPhone Developer";
				COPY_PHASE_STRIP = NO;
				DEBUG_INFORMATION_FORMAT = "dwarf-with-dsym";
				ENABLE_NS_ASSERTIONS = NO;
				ENABLE_STRICT_OBJC_MSGSEND = YES;
				GCC_C_LANGUAGE_STANDARD = gnu99;
				GCC_NO_COMMON_BLOCKS = YES;
				GCC_WARN_64_TO_32_BIT_CONVERSION = YES;
				GCC_WARN_ABOUT_RETURN_TYPE = YES_ERROR;
				GCC_WARN_UNDECLARED_SELECTOR = YES;
				GCC_WARN_UNINITIALIZED_AUTOS = YES_AGGRESSIVE;
				GCC_WARN_UNUSED_FUNCTION = YES;
				GCC_WARN_UNUSED_VARIABLE = YES;
				IPHONEOS_DEPLOYMENT_TARGET = 9.2;
				MTL_ENABLE_DEBUG_INFO = NO;
				SDKROOT = iphoneos;
				VALIDATE_PRODUCT = YES;
			};
			name = Release;
		};
		3F0E43FA1D6B425600B208BB /* Debug */ = {
			isa = XCBuildConfiguration;
			buildSettings = {
				ASSETCATALOG_COMPILER_APPICON_NAME = AppIcon;
				INFOPLIST_FILE = PushTransFormDemo/Info.plist;
				LD_RUNPATH_SEARCH_PATHS = "$(inherited) @executable_path/Frameworks";
				PRODUCT_BUNDLE_IDENTIFIER = com.zhang.PushTransFormDemo;
				PRODUCT_NAME = "$(TARGET_NAME)";
			};
			name = Debug;
		};
		3F0E43FB1D6B425600B208BB /* Release */ = {
			isa = XCBuildConfiguration;
			buildSettings = {
				ASSETCATALOG_COMPILER_APPICON_NAME = AppIcon;
				INFOPLIST_FILE = PushTransFormDemo/Info.plist;
				LD_RUNPATH_SEARCH_PATHS = "$(inherited) @executable_path/Frameworks";
				PRODUCT_BUNDLE_IDENTIFIER = com.zhang.PushTransFormDemo;
				PRODUCT_NAME = "$(TARGET_NAME)";
			};
			name = Release;
		};
/* End XCBuildConfiguration section */

/* Begin XCConfigurationList section */
		3F0E43DD1D6B425600B208BB /* Build configuration list for PBXProject "PushTransFormDemo" */ = {
			isa = XCConfigurationList;
			buildConfigurations = (
				3F0E43F71D6B425600B208BB /* Debug */,
				3F0E43F81D6B425600B208BB /* Release */,
			);
			defaultConfigurationIsVisible = 0;
			defaultConfigurationName = Release;
		};
		3F0E43F91D6B425600B208BB /* Build configuration list for PBXNativeTarget "PushTransFormDemo" */ = {
			isa = XCConfigurationList;
			buildConfigurations = (
				3F0E43FA1D6B425600B208BB /* Debug */,
				3F0E43FB1D6B425600B208BB /* Release */,
			);
			defaultConfigurationIsVisible = 0;
			defaultConfigurationName = Release;
		};
/* End XCConfigurationList section */
	};
	rootObject = 3F0E43DA1D6B425600B208BB /* Project object */;
}
